// !$*UTF8*$!
{
	archiveVersion = 1;
	classes = {
	};
	objectVersion = 46;
	objects = {

/* Begin PBXBuildFile section */
		OBJ_103 /* Exports.swift in Sources */ = {isa = PBXBuildFile; fileRef = OBJ_11 /* Exports.swift */; };
		OBJ_104 /* YGLayoutExtensions.swift in Sources */ = {isa = PBXBuildFile; fileRef = OBJ_12 /* YGLayoutExtensions.swift */; };
		OBJ_106 /* YogaObjectiveC.framework in Frameworks */ = {isa = PBXBuildFile; fileRef = "YogaKit::YogaObjectiveC::Product" /* YogaObjectiveC.framework */; };
		OBJ_107 /* yoga.framework in Frameworks */ = {isa = PBXBuildFile; fileRef = "YogaKit::yoga::Product" /* yoga.framework */; };
		OBJ_117 /* Package.swift in Sources */ = {isa = PBXBuildFile; fileRef = OBJ_6 /* Package.swift */; };
		OBJ_122 /* UIView+Yoga.m in Sources */ = {isa = PBXBuildFile; fileRef = OBJ_17 /* UIView+Yoga.m */; };
		OBJ_123 /* YGLayout.m in Sources */ = {isa = PBXBuildFile; fileRef = OBJ_18 /* YGLayout.m */; };
		OBJ_125 /* yoga.framework in Frameworks */ = {isa = PBXBuildFile; fileRef = "YogaKit::yoga::Product" /* yoga.framework */; };
		OBJ_131 /* Utils.cpp in Sources */ = {isa = PBXBuildFile; fileRef = OBJ_38 /* Utils.cpp */; };
		OBJ_132 /* YGConfig.cpp in Sources */ = {isa = PBXBuildFile; fileRef = OBJ_39 /* YGConfig.cpp */; };
		OBJ_133 /* YGEnums.cpp in Sources */ = {isa = PBXBuildFile; fileRef = OBJ_40 /* YGEnums.cpp */; };
		OBJ_134 /* YGLayout.cpp in Sources */ = {isa = PBXBuildFile; fileRef = OBJ_41 /* YGLayout.cpp */; };
		OBJ_135 /* YGNode.cpp in Sources */ = {isa = PBXBuildFile; fileRef = OBJ_42 /* YGNode.cpp */; };
		OBJ_136 /* YGNodePrint.cpp in Sources */ = {isa = PBXBuildFile; fileRef = OBJ_43 /* YGNodePrint.cpp */; };
		OBJ_137 /* YGStyle.cpp in Sources */ = {isa = PBXBuildFile; fileRef = OBJ_44 /* YGStyle.cpp */; };
		OBJ_138 /* YGValue.cpp in Sources */ = {isa = PBXBuildFile; fileRef = OBJ_45 /* YGValue.cpp */; };
		OBJ_139 /* Yoga.cpp in Sources */ = {isa = PBXBuildFile; fileRef = OBJ_46 /* Yoga.cpp */; };
		OBJ_140 /* event.cpp in Sources */ = {isa = PBXBuildFile; fileRef = OBJ_48 /* event.cpp */; };
		OBJ_141 /* experiments.cpp in Sources */ = {isa = PBXBuildFile; fileRef = OBJ_50 /* experiments.cpp */; };
		OBJ_142 /* log.cpp in Sources */ = {isa = PBXBuildFile; fileRef = OBJ_51 /* log.cpp */; };
/* End PBXBuildFile section */

/* Begin PBXContainerItemProxy section */
		937B57A226320C2300AA5267 /* PBXContainerItemProxy */ = {
			isa = PBXContainerItemProxy;
			containerPortal = OBJ_1 /* Project object */;
			proxyType = 1;
			remoteGlobalIDString = "YogaKit::YogaObjectiveC";
			remoteInfo = YogaObjectiveC;
		};
		937B57A326320C2300AA5267 /* PBXContainerItemProxy */ = {
			isa = PBXContainerItemProxy;
			containerPortal = OBJ_1 /* Project object */;
			proxyType = 1;
			remoteGlobalIDString = "YogaKit::yoga";
			remoteInfo = yoga;
		};
		937B57A426320C2300AA5267 /* PBXContainerItemProxy */ = {
			isa = PBXContainerItemProxy;
			containerPortal = OBJ_1 /* Project object */;
			proxyType = 1;
			remoteGlobalIDString = "YogaKit::yoga";
			remoteInfo = yoga;
		};
/* End PBXContainerItemProxy section */

/* Begin PBXFileReference section */
		OBJ_11 /* Exports.swift */ = {isa = PBXFileReference; lastKnownFileType = sourcecode.swift; path = Exports.swift; sourceTree = "<group>"; };
		OBJ_12 /* YGLayoutExtensions.swift */ = {isa = PBXFileReference; lastKnownFileType = sourcecode.swift; path = YGLayoutExtensions.swift; sourceTree = "<group>"; };
		OBJ_14 /* YGLayout+Private.h */ = {isa = PBXFileReference; lastKnownFileType = sourcecode.c.h; path = "YGLayout+Private.h"; sourceTree = "<group>"; };
		OBJ_15 /* YGLayout.h */ = {isa = PBXFileReference; lastKnownFileType = sourcecode.c.h; path = YGLayout.h; sourceTree = "<group>"; };
		OBJ_16 /* UIView+Yoga.h */ = {isa = PBXFileReference; lastKnownFileType = sourcecode.c.h; path = "UIView+Yoga.h"; sourceTree = "<group>"; };
		OBJ_17 /* UIView+Yoga.m */ = {isa = PBXFileReference; lastKnownFileType = sourcecode.c.objc; path = "UIView+Yoga.m"; sourceTree = "<group>"; };
		OBJ_18 /* YGLayout.m */ = {isa = PBXFileReference; lastKnownFileType = sourcecode.c.objc; path = YGLayout.m; sourceTree = "<group>"; };
		OBJ_20 /* YogaKit-umbrella.h */ = {isa = PBXFileReference; lastKnownFileType = sourcecode.c.h; path = "YogaKit-umbrella.h"; sourceTree = "<group>"; };
		OBJ_21 /* module.modulemap */ = {isa = PBXFileReference; lastKnownFileType = "sourcecode.module-map"; name = module.modulemap; path = /Users/danieltes/Development/yoga/YogaKit.xcodeproj/GeneratedModuleMap/YogaObjectiveC/module.modulemap; sourceTree = "<group>"; };
		OBJ_23 /* YGFloatOptional.h */ = {isa = PBXFileReference; lastKnownFileType = sourcecode.c.h; path = YGFloatOptional.h; sourceTree = "<group>"; };
		OBJ_24 /* Utils.h */ = {isa = PBXFileReference; lastKnownFileType = sourcecode.c.h; path = Utils.h; sourceTree = "<group>"; };
		OBJ_25 /* CompactValue.h */ = {isa = PBXFileReference; lastKnownFileType = sourcecode.c.h; path = CompactValue.h; sourceTree = "<group>"; };
		OBJ_26 /* Yoga-internal.h */ = {isa = PBXFileReference; lastKnownFileType = sourcecode.c.h; path = "Yoga-internal.h"; sourceTree = "<group>"; };
		OBJ_27 /* YGLayout.h */ = {isa = PBXFileReference; lastKnownFileType = sourcecode.c.h; path = YGLayout.h; sourceTree = "<group>"; };
		OBJ_28 /* YGNodePrint.h */ = {isa = PBXFileReference; lastKnownFileType = sourcecode.c.h; path = YGNodePrint.h; sourceTree = "<group>"; };
		OBJ_29 /* YGEnums.h */ = {isa = PBXFileReference; lastKnownFileType = sourcecode.c.h; path = YGEnums.h; sourceTree = "<group>"; };
		OBJ_30 /* YGNode.h */ = {isa = PBXFileReference; lastKnownFileType = sourcecode.c.h; path = YGNode.h; sourceTree = "<group>"; };
		OBJ_31 /* YGMacros.h */ = {isa = PBXFileReference; lastKnownFileType = sourcecode.c.h; path = YGMacros.h; sourceTree = "<group>"; };
		OBJ_32 /* Yoga.h */ = {isa = PBXFileReference; lastKnownFileType = sourcecode.c.h; path = Yoga.h; sourceTree = "<group>"; };
		OBJ_33 /* YGStyle.h */ = {isa = PBXFileReference; lastKnownFileType = sourcecode.c.h; path = YGStyle.h; sourceTree = "<group>"; };
		OBJ_34 /* log.h */ = {isa = PBXFileReference; lastKnownFileType = sourcecode.c.h; path = log.h; sourceTree = "<group>"; };
		OBJ_35 /* BitUtils.h */ = {isa = PBXFileReference; lastKnownFileType = sourcecode.c.h; path = BitUtils.h; sourceTree = "<group>"; };
		OBJ_36 /* YGConfig.h */ = {isa = PBXFileReference; lastKnownFileType = sourcecode.c.h; path = YGConfig.h; sourceTree = "<group>"; };
		OBJ_37 /* YGValue.h */ = {isa = PBXFileReference; lastKnownFileType = sourcecode.c.h; path = YGValue.h; sourceTree = "<group>"; };
		OBJ_38 /* Utils.cpp */ = {isa = PBXFileReference; lastKnownFileType = sourcecode.cpp.cpp; path = Utils.cpp; sourceTree = "<group>"; };
		OBJ_39 /* YGConfig.cpp */ = {isa = PBXFileReference; lastKnownFileType = sourcecode.cpp.cpp; path = YGConfig.cpp; sourceTree = "<group>"; };
		OBJ_40 /* YGEnums.cpp */ = {isa = PBXFileReference; lastKnownFileType = sourcecode.cpp.cpp; path = YGEnums.cpp; sourceTree = "<group>"; };
		OBJ_41 /* YGLayout.cpp */ = {isa = PBXFileReference; lastKnownFileType = sourcecode.cpp.cpp; path = YGLayout.cpp; sourceTree = "<group>"; };
		OBJ_42 /* YGNode.cpp */ = {isa = PBXFileReference; lastKnownFileType = sourcecode.cpp.cpp; path = YGNode.cpp; sourceTree = "<group>"; };
		OBJ_43 /* YGNodePrint.cpp */ = {isa = PBXFileReference; lastKnownFileType = sourcecode.cpp.cpp; path = YGNodePrint.cpp; sourceTree = "<group>"; };
		OBJ_44 /* YGStyle.cpp */ = {isa = PBXFileReference; lastKnownFileType = sourcecode.cpp.cpp; path = YGStyle.cpp; sourceTree = "<group>"; };
		OBJ_45 /* YGValue.cpp */ = {isa = PBXFileReference; lastKnownFileType = sourcecode.cpp.cpp; path = YGValue.cpp; sourceTree = "<group>"; };
		OBJ_46 /* Yoga.cpp */ = {isa = PBXFileReference; lastKnownFileType = sourcecode.cpp.cpp; path = Yoga.cpp; sourceTree = "<group>"; };
		OBJ_48 /* event.cpp */ = {isa = PBXFileReference; lastKnownFileType = sourcecode.cpp.cpp; path = event.cpp; sourceTree = "<group>"; };
		OBJ_50 /* experiments.cpp */ = {isa = PBXFileReference; lastKnownFileType = sourcecode.cpp.cpp; path = experiments.cpp; sourceTree = "<group>"; };
		OBJ_51 /* log.cpp */ = {isa = PBXFileReference; lastKnownFileType = sourcecode.cpp.cpp; path = log.cpp; sourceTree = "<group>"; };
		OBJ_53 /* Yoga-umbrella.h */ = {isa = PBXFileReference; lastKnownFileType = sourcecode.c.h; path = "Yoga-umbrella.h"; sourceTree = "<group>"; };
		OBJ_54 /* module.modulemap */ = {isa = PBXFileReference; lastKnownFileType = "sourcecode.module-map"; name = module.modulemap; path = /Users/danieltes/Development/yoga/YogaKit.xcodeproj/GeneratedModuleMap/yoga/module.modulemap; sourceTree = "<group>"; };
		OBJ_6 /* Package.swift */ = {isa = PBXFileReference; explicitFileType = sourcecode.swift; path = Package.swift; sourceTree = "<group>"; };
		OBJ_60 /* benchmark */ = {isa = PBXFileReference; lastKnownFileType = folder; path = benchmark; sourceTree = SOURCE_ROOT; };
		OBJ_61 /* tools */ = {isa = PBXFileReference; lastKnownFileType = folder; path = tools; sourceTree = SOURCE_ROOT; };
		OBJ_62 /* yoga */ = {isa = PBXFileReference; lastKnownFileType = folder; path = yoga; sourceTree = SOURCE_ROOT; };
		OBJ_63 /* mode */ = {isa = PBXFileReference; lastKnownFileType = folder; path = mode; sourceTree = SOURCE_ROOT; };
		OBJ_64 /* util */ = {isa = PBXFileReference; lastKnownFileType = folder; path = util; sourceTree = SOURCE_ROOT; };
		OBJ_65 /* YogaKit */ = {isa = PBXFileReference; lastKnownFileType = folder; path = YogaKit; sourceTree = SOURCE_ROOT; };
		OBJ_66 /* website */ = {isa = PBXFileReference; lastKnownFileType = folder; path = website; sourceTree = SOURCE_ROOT; };
		OBJ_67 /* tests */ = {isa = PBXFileReference; lastKnownFileType = folder; path = tests; sourceTree = SOURCE_ROOT; };
		OBJ_68 /* java */ = {isa = PBXFileReference; lastKnownFileType = folder; path = java; sourceTree = SOURCE_ROOT; };
		OBJ_69 /* gradle */ = {isa = PBXFileReference; lastKnownFileType = folder; path = gradle; sourceTree = SOURCE_ROOT; };
		OBJ_70 /* yogacore */ = {isa = PBXFileReference; lastKnownFileType = folder; path = yogacore; sourceTree = SOURCE_ROOT; };
		OBJ_71 /* gentest */ = {isa = PBXFileReference; lastKnownFileType = folder; path = gentest; sourceTree = SOURCE_ROOT; };
		OBJ_72 /* android */ = {isa = PBXFileReference; lastKnownFileType = folder; path = android; sourceTree = SOURCE_ROOT; };
		OBJ_73 /* scripts */ = {isa = PBXFileReference; lastKnownFileType = folder; path = scripts; sourceTree = SOURCE_ROOT; };
		OBJ_74 /* lib */ = {isa = PBXFileReference; lastKnownFileType = folder; path = lib; sourceTree = SOURCE_ROOT; };
		OBJ_75 /* csharp */ = {isa = PBXFileReference; lastKnownFileType = folder; path = csharp; sourceTree = SOURCE_ROOT; };
		OBJ_76 /* YogaDev.xcworkspace */ = {isa = PBXFileReference; lastKnownFileType = wrapper.workspace; path = YogaDev.xcworkspace; sourceTree = SOURCE_ROOT; };
		OBJ_77 /* javascript */ = {isa = PBXFileReference; lastKnownFileType = folder; path = javascript; sourceTree = SOURCE_ROOT; };
		OBJ_78 /* YogaDev */ = {isa = PBXFileReference; lastKnownFileType = folder; path = YogaDev; sourceTree = SOURCE_ROOT; };
		OBJ_79 /* testutil */ = {isa = PBXFileReference; lastKnownFileType = folder; path = testutil; sourceTree = SOURCE_ROOT; };
		OBJ_8 /* settings.xcconfig */ = {isa = PBXFileReference; lastKnownFileType = text.xcconfig; path = settings.xcconfig; sourceTree = "<group>"; };
		OBJ_80 /* buck-out */ = {isa = PBXFileReference; lastKnownFileType = folder; path = "buck-out"; sourceTree = SOURCE_ROOT; };
		OBJ_81 /* CODE_OF_CONDUCT.md */ = {isa = PBXFileReference; lastKnownFileType = net.daringfireball.markdown; path = CODE_OF_CONDUCT.md; sourceTree = "<group>"; };
		OBJ_82 /* third-party(Yoga).xcconfig */ = {isa = PBXFileReference; lastKnownFileType = text.xcconfig; path = "third-party(Yoga).xcconfig"; sourceTree = "<group>"; };
		OBJ_83 /* enums.py */ = {isa = PBXFileReference; lastKnownFileType = text.script.python; path = enums.py; sourceTree = "<group>"; };
		OBJ_84 /* Yoga.podspec */ = {isa = PBXFileReference; lastKnownFileType = text; path = Yoga.podspec; sourceTree = "<group>"; };
		OBJ_85 /* CMakeLists.txt */ = {isa = PBXFileReference; lastKnownFileType = text; path = CMakeLists.txt; sourceTree = "<group>"; };
		OBJ_86 /* LICENSE */ = {isa = PBXFileReference; lastKnownFileType = text; path = LICENSE; sourceTree = "<group>"; };
		OBJ_87 /* settings.xcconfig */ = {isa = PBXFileReference; lastKnownFileType = text.xcconfig; path = settings.xcconfig; sourceTree = "<group>"; };
		OBJ_88 /* README.md */ = {isa = PBXFileReference; lastKnownFileType = net.daringfireball.markdown; path = README.md; sourceTree = "<group>"; };
		OBJ_89 /* gradlew */ = {isa = PBXFileReference; lastKnownFileType = text; path = gradlew; sourceTree = "<group>"; };
		OBJ_90 /* BUCK */ = {isa = PBXFileReference; lastKnownFileType = text; path = BUCK; sourceTree = "<group>"; };
		OBJ_91 /* CONTRIBUTING.md */ = {isa = PBXFileReference; lastKnownFileType = net.daringfireball.markdown; path = CONTRIBUTING.md; sourceTree = "<group>"; };
		OBJ_92 /* build.gradle */ = {isa = PBXFileReference; lastKnownFileType = text; path = build.gradle; sourceTree = "<group>"; };
		OBJ_93 /* LICENSE-examples */ = {isa = PBXFileReference; lastKnownFileType = text; path = "LICENSE-examples"; sourceTree = "<group>"; };
		OBJ_94 /* gradle.properties */ = {isa = PBXFileReference; lastKnownFileType = text; path = gradle.properties; sourceTree = "<group>"; };
		OBJ_95 /* gradlew.bat */ = {isa = PBXFileReference; lastKnownFileType = text; path = gradlew.bat; sourceTree = "<group>"; };
		OBJ_96 /* settings.gradle */ = {isa = PBXFileReference; lastKnownFileType = text; path = settings.gradle; sourceTree = "<group>"; };
		OBJ_97 /* YogaKit.podspec */ = {isa = PBXFileReference; lastKnownFileType = text; path = YogaKit.podspec; sourceTree = "<group>"; };
		"YogaKit::YogaKit::Product" /* YogaKit.framework */ = {isa = PBXFileReference; explicitFileType = wrapper.framework; path = YogaKit.framework; sourceTree = BUILT_PRODUCTS_DIR; };
		"YogaKit::YogaObjectiveC::Product" /* YogaObjectiveC.framework */ = {isa = PBXFileReference; explicitFileType = wrapper.framework; path = YogaObjectiveC.framework; sourceTree = BUILT_PRODUCTS_DIR; };
		"YogaKit::yoga::Product" /* yoga.framework */ = {isa = PBXFileReference; explicitFileType = wrapper.framework; path = yoga.framework; sourceTree = BUILT_PRODUCTS_DIR; };
/* End PBXFileReference section */

/* Begin PBXFrameworksBuildPhase section */
		OBJ_105 /* Frameworks */ = {
			isa = PBXFrameworksBuildPhase;
			buildActionMask = 0;
			files = (
				OBJ_106 /* YogaObjectiveC.framework in Frameworks */,
				OBJ_107 /* yoga.framework in Frameworks */,
			);
			runOnlyForDeploymentPostprocessing = 0;
		};
		OBJ_124 /* Frameworks */ = {
			isa = PBXFrameworksBuildPhase;
			buildActionMask = 0;
			files = (
				OBJ_125 /* yoga.framework in Frameworks */,
			);
			runOnlyForDeploymentPostprocessing = 0;
		};
		OBJ_143 /* Frameworks */ = {
			isa = PBXFrameworksBuildPhase;
			buildActionMask = 0;
			files = (
			);
			runOnlyForDeploymentPostprocessing = 0;
		};
/* End PBXFrameworksBuildPhase section */

/* Begin PBXGroup section */
		OBJ_10 /* YogaKit */ = {
			isa = PBXGroup;
			children = (
				OBJ_11 /* Exports.swift */,
				OBJ_12 /* YGLayoutExtensions.swift */,
			);
			name = YogaKit;
			path = YogaKit/Source/swift;
			sourceTree = SOURCE_ROOT;
		};
		OBJ_13 /* YogaObjectiveC */ = {
			isa = PBXGroup;
			children = (
				OBJ_14 /* YGLayout+Private.h */,
				OBJ_15 /* YGLayout.h */,
				OBJ_16 /* UIView+Yoga.h */,
				OBJ_17 /* UIView+Yoga.m */,
				OBJ_18 /* YGLayout.m */,
				OBJ_19 /* include */,
			);
			name = YogaObjectiveC;
			path = YogaKit/Source;
			sourceTree = SOURCE_ROOT;
		};
		OBJ_19 /* include */ = {
			isa = PBXGroup;
			children = (
				OBJ_20 /* YogaKit-umbrella.h */,
				OBJ_21 /* module.modulemap */,
			);
			path = include;
			sourceTree = "<group>";
		};
		OBJ_22 /* yoga */ = {
			isa = PBXGroup;
			children = (
				OBJ_23 /* YGFloatOptional.h */,
				OBJ_24 /* Utils.h */,
				OBJ_25 /* CompactValue.h */,
				OBJ_26 /* Yoga-internal.h */,
				OBJ_27 /* YGLayout.h */,
				OBJ_28 /* YGNodePrint.h */,
				OBJ_29 /* YGEnums.h */,
				OBJ_30 /* YGNode.h */,
				OBJ_31 /* YGMacros.h */,
				OBJ_32 /* Yoga.h */,
				OBJ_33 /* YGStyle.h */,
				OBJ_34 /* log.h */,
				OBJ_35 /* BitUtils.h */,
				OBJ_36 /* YGConfig.h */,
				OBJ_37 /* YGValue.h */,
				OBJ_38 /* Utils.cpp */,
				OBJ_39 /* YGConfig.cpp */,
				OBJ_40 /* YGEnums.cpp */,
				OBJ_41 /* YGLayout.cpp */,
				OBJ_42 /* YGNode.cpp */,
				OBJ_43 /* YGNodePrint.cpp */,
				OBJ_44 /* YGStyle.cpp */,
				OBJ_45 /* YGValue.cpp */,
				OBJ_46 /* Yoga.cpp */,
				OBJ_47 /* event */,
				OBJ_49 /* internal */,
				OBJ_51 /* log.cpp */,
				OBJ_52 /* include */,
			);
			path = yoga;
			sourceTree = SOURCE_ROOT;
		};
		OBJ_47 /* event */ = {
			isa = PBXGroup;
			children = (
				OBJ_48 /* event.cpp */,
			);
			path = event;
			sourceTree = "<group>";
		};
		OBJ_49 /* internal */ = {
			isa = PBXGroup;
			children = (
				OBJ_50 /* experiments.cpp */,
			);
			path = internal;
			sourceTree = "<group>";
		};
		OBJ_5 /*  */ = {
			isa = PBXGroup;
			children = (
				OBJ_6 /* Package.swift */,
				OBJ_7 /* Configs */,
				OBJ_9 /* Sources */,
				OBJ_55 /* Tests */,
				OBJ_56 /* Products */,
				OBJ_60 /* benchmark */,
				OBJ_61 /* tools */,
				OBJ_62 /* yoga */,
				OBJ_63 /* mode */,
				OBJ_64 /* util */,
				OBJ_65 /* YogaKit */,
				OBJ_66 /* website */,
				OBJ_67 /* tests */,
				OBJ_68 /* java */,
				OBJ_69 /* gradle */,
				OBJ_70 /* yogacore */,
				OBJ_71 /* gentest */,
				OBJ_72 /* android */,
				OBJ_73 /* scripts */,
				OBJ_74 /* lib */,
				OBJ_75 /* csharp */,
				OBJ_76 /* YogaDev.xcworkspace */,
				OBJ_77 /* javascript */,
				OBJ_78 /* YogaDev */,
				OBJ_79 /* testutil */,
				OBJ_80 /* buck-out */,
				OBJ_81 /* CODE_OF_CONDUCT.md */,
				OBJ_82 /* third-party(Yoga).xcconfig */,
				OBJ_83 /* enums.py */,
				OBJ_84 /* Yoga.podspec */,
				OBJ_85 /* CMakeLists.txt */,
				OBJ_86 /* LICENSE */,
				OBJ_87 /* settings.xcconfig */,
				OBJ_88 /* README.md */,
				OBJ_89 /* gradlew */,
				OBJ_90 /* BUCK */,
				OBJ_91 /* CONTRIBUTING.md */,
				OBJ_92 /* build.gradle */,
				OBJ_93 /* LICENSE-examples */,
				OBJ_94 /* gradle.properties */,
				OBJ_95 /* gradlew.bat */,
				OBJ_96 /* settings.gradle */,
				OBJ_97 /* YogaKit.podspec */,
			);
			name = "";
			sourceTree = "<group>";
		};
		OBJ_52 /* include */ = {
			isa = PBXGroup;
			children = (
				OBJ_53 /* Yoga-umbrella.h */,
				OBJ_54 /* module.modulemap */,
			);
			path = include;
			sourceTree = "<group>";
		};
		OBJ_55 /* Tests */ = {
			isa = PBXGroup;
			children = (
			);
			name = Tests;
			sourceTree = SOURCE_ROOT;
		};
		OBJ_56 /* Products */ = {
			isa = PBXGroup;
			children = (
				"YogaKit::YogaKit::Product" /* YogaKit.framework */,
				"YogaKit::yoga::Product" /* yoga.framework */,
				"YogaKit::YogaObjectiveC::Product" /* YogaObjectiveC.framework */,
			);
			name = Products;
			sourceTree = BUILT_PRODUCTS_DIR;
		};
		OBJ_7 /* Configs */ = {
			isa = PBXGroup;
			children = (
				OBJ_8 /* settings.xcconfig */,
			);
			name = Configs;
			sourceTree = "<group>";
		};
		OBJ_9 /* Sources */ = {
			isa = PBXGroup;
			children = (
				OBJ_10 /* YogaKit */,
				OBJ_13 /* YogaObjectiveC */,
				OBJ_22 /* yoga */,
			);
			name = Sources;
			sourceTree = SOURCE_ROOT;
		};
/* End PBXGroup section */

/* Begin PBXNativeTarget section */
		"YogaKit::SwiftPMPackageDescription" /* YogaKitPackageDescription */ = {
			isa = PBXNativeTarget;
			buildConfigurationList = OBJ_113 /* Build configuration list for PBXNativeTarget "YogaKitPackageDescription" */;
			buildPhases = (
				OBJ_116 /* Sources */,
			);
			buildRules = (
			);
			dependencies = (
			);
			name = YogaKitPackageDescription;
			productName = YogaKitPackageDescription;
			productType = "com.apple.product-type.framework";
		};
		"YogaKit::YogaKit" /* YogaKit */ = {
			isa = PBXNativeTarget;
			buildConfigurationList = OBJ_99 /* Build configuration list for PBXNativeTarget "YogaKit" */;
			buildPhases = (
				OBJ_102 /* Sources */,
				OBJ_105 /* Frameworks */,
			);
			buildRules = (
			);
			dependencies = (
				OBJ_108 /* PBXTargetDependency */,
				OBJ_110 /* PBXTargetDependency */,
			);
			name = YogaKit;
			productName = YogaKit;
			productReference = "YogaKit::YogaKit::Product" /* YogaKit.framework */;
			productType = "com.apple.product-type.framework";
		};
		"YogaKit::YogaObjectiveC" /* YogaObjectiveC */ = {
			isa = PBXNativeTarget;
			buildConfigurationList = OBJ_118 /* Build configuration list for PBXNativeTarget "YogaObjectiveC" */;
			buildPhases = (
				OBJ_121 /* Sources */,
				OBJ_124 /* Frameworks */,
			);
			buildRules = (
			);
			dependencies = (
				OBJ_126 /* PBXTargetDependency */,
			);
			name = YogaObjectiveC;
			productName = YogaObjectiveC;
			productReference = "YogaKit::YogaObjectiveC::Product" /* YogaObjectiveC.framework */;
			productType = "com.apple.product-type.framework";
		};
		"YogaKit::yoga" /* yoga */ = {
			isa = PBXNativeTarget;
			buildConfigurationList = OBJ_127 /* Build configuration list for PBXNativeTarget "yoga" */;
			buildPhases = (
				OBJ_130 /* Sources */,
				OBJ_143 /* Frameworks */,
			);
			buildRules = (
			);
			dependencies = (
			);
			name = yoga;
			productName = yoga;
			productReference = "YogaKit::yoga::Product" /* yoga.framework */;
			productType = "com.apple.product-type.framework";
		};
/* End PBXNativeTarget section */

/* Begin PBXProject section */
		OBJ_1 /* Project object */ = {
			isa = PBXProject;
			attributes = {
				LastSwiftMigration = 9999;
				LastUpgradeCheck = 9999;
			};
			buildConfigurationList = OBJ_2 /* Build configuration list for PBXProject "YogaKit" */;
			compatibilityVersion = "Xcode 3.2";
			developmentRegion = en;
			hasScannedForEncodings = 0;
			knownRegions = (
				en,
			);
			mainGroup = OBJ_5 /*  */;
			productRefGroup = OBJ_56 /* Products */;
			projectDirPath = "";
			projectRoot = "";
			targets = (
				"YogaKit::YogaKit" /* YogaKit */,
				"YogaKit::SwiftPMPackageDescription" /* YogaKitPackageDescription */,
				"YogaKit::YogaObjectiveC" /* YogaObjectiveC */,
				"YogaKit::yoga" /* yoga */,
			);
		};
/* End PBXProject section */

/* Begin PBXSourcesBuildPhase section */
		OBJ_102 /* Sources */ = {
			isa = PBXSourcesBuildPhase;
			buildActionMask = 0;
			files = (
				OBJ_103 /* Exports.swift in Sources */,
				OBJ_104 /* YGLayoutExtensions.swift in Sources */,
			);
			runOnlyForDeploymentPostprocessing = 0;
		};
		OBJ_116 /* Sources */ = {
			isa = PBXSourcesBuildPhase;
			buildActionMask = 0;
			files = (
				OBJ_117 /* Package.swift in Sources */,
			);
			runOnlyForDeploymentPostprocessing = 0;
		};
		OBJ_121 /* Sources */ = {
			isa = PBXSourcesBuildPhase;
			buildActionMask = 0;
			files = (
				OBJ_122 /* UIView+Yoga.m in Sources */,
				OBJ_123 /* YGLayout.m in Sources */,
			);
			runOnlyForDeploymentPostprocessing = 0;
		};
		OBJ_130 /* Sources */ = {
			isa = PBXSourcesBuildPhase;
			buildActionMask = 0;
			files = (
				OBJ_131 /* Utils.cpp in Sources */,
				OBJ_132 /* YGConfig.cpp in Sources */,
				OBJ_133 /* YGEnums.cpp in Sources */,
				OBJ_134 /* YGLayout.cpp in Sources */,
				OBJ_135 /* YGNode.cpp in Sources */,
				OBJ_136 /* YGNodePrint.cpp in Sources */,
				OBJ_137 /* YGStyle.cpp in Sources */,
				OBJ_138 /* YGValue.cpp in Sources */,
				OBJ_139 /* Yoga.cpp in Sources */,
				OBJ_140 /* event.cpp in Sources */,
				OBJ_141 /* experiments.cpp in Sources */,
				OBJ_142 /* log.cpp in Sources */,
			);
			runOnlyForDeploymentPostprocessing = 0;
		};
/* End PBXSourcesBuildPhase section */

/* Begin PBXTargetDependency section */
		OBJ_108 /* PBXTargetDependency */ = {
			isa = PBXTargetDependency;
			target = "YogaKit::YogaObjectiveC" /* YogaObjectiveC */;
			targetProxy = 937B57A226320C2300AA5267 /* PBXContainerItemProxy */;
		};
		OBJ_110 /* PBXTargetDependency */ = {
			isa = PBXTargetDependency;
			target = "YogaKit::yoga" /* yoga */;
			targetProxy = 937B57A426320C2300AA5267 /* PBXContainerItemProxy */;
		};
		OBJ_126 /* PBXTargetDependency */ = {
			isa = PBXTargetDependency;
			target = "YogaKit::yoga" /* yoga */;
			targetProxy = 937B57A326320C2300AA5267 /* PBXContainerItemProxy */;
		};
/* End PBXTargetDependency section */

/* Begin XCBuildConfiguration section */
		OBJ_100 /* Debug */ = {
			isa = XCBuildConfiguration;
			baseConfigurationReference = OBJ_8 /* settings.xcconfig */;
			buildSettings = {
				ENABLE_TESTABILITY = YES;
				FRAMEWORK_SEARCH_PATHS = (
					"$(inherited)",
					"$(PLATFORM_DIR)/Developer/Library/Frameworks",
				);
				HEADER_SEARCH_PATHS = (
					"$(inherited)",
					"$(SRCROOT)/YogaKit/Source/include",
					"$(SRCROOT)/yoga/include",
					"$(SRCROOT)/YogaKit.xcodeproj/GeneratedModuleMap/YogaObjectiveC",
					"$(SRCROOT)/YogaKit.xcodeproj/GeneratedModuleMap/yoga",
				);
				INFOPLIST_FILE = YogaKit.xcodeproj/YogaKit_Info.plist;
				IPHONEOS_DEPLOYMENT_TARGET = 10.0;
				LD_RUNPATH_SEARCH_PATHS = "$(inherited) $(TOOLCHAIN_DIR)/usr/lib/swift/macosx";
				MACOSX_DEPLOYMENT_TARGET = 10.10;
				OTHER_CFLAGS = "$(inherited)";
				OTHER_LDFLAGS = "$(inherited)";
				OTHER_SWIFT_FLAGS = "$(inherited) -Xcc -fmodule-map-file=$(SRCROOT)/YogaKit.xcodeproj/GeneratedModuleMap/YogaObjectiveC/module.modulemap -Xcc -fmodule-map-file=$(SRCROOT)/YogaKit.xcodeproj/GeneratedModuleMap/yoga/module.modulemap";
				PRODUCT_BUNDLE_IDENTIFIER = YogaKit;
				PRODUCT_MODULE_NAME = "$(TARGET_NAME:c99extidentifier)";
				PRODUCT_NAME = "$(TARGET_NAME:c99extidentifier)";
				SKIP_INSTALL = YES;
				SWIFT_ACTIVE_COMPILATION_CONDITIONS = "$(inherited)";
				SWIFT_VERSION = 5.0;
				TARGET_NAME = YogaKit;
				TVOS_DEPLOYMENT_TARGET = 9.0;
				WATCHOS_DEPLOYMENT_TARGET = 2.0;
			};
			name = Debug;
		};
		OBJ_101 /* Release */ = {
			isa = XCBuildConfiguration;
			baseConfigurationReference = OBJ_8 /* settings.xcconfig */;
			buildSettings = {
				ENABLE_TESTABILITY = YES;
				FRAMEWORK_SEARCH_PATHS = (
					"$(inherited)",
					"$(PLATFORM_DIR)/Developer/Library/Frameworks",
				);
				HEADER_SEARCH_PATHS = (
					"$(inherited)",
					"$(SRCROOT)/YogaKit/Source/include",
					"$(SRCROOT)/yoga/include",
					"$(SRCROOT)/YogaKit.xcodeproj/GeneratedModuleMap/YogaObjectiveC",
					"$(SRCROOT)/YogaKit.xcodeproj/GeneratedModuleMap/yoga",
				);
				INFOPLIST_FILE = YogaKit.xcodeproj/YogaKit_Info.plist;
				IPHONEOS_DEPLOYMENT_TARGET = 10.0;
				LD_RUNPATH_SEARCH_PATHS = "$(inherited) $(TOOLCHAIN_DIR)/usr/lib/swift/macosx";
				MACOSX_DEPLOYMENT_TARGET = 10.10;
				OTHER_CFLAGS = "$(inherited)";
				OTHER_LDFLAGS = "$(inherited)";
				OTHER_SWIFT_FLAGS = "$(inherited) -Xcc -fmodule-map-file=$(SRCROOT)/YogaKit.xcodeproj/GeneratedModuleMap/YogaObjectiveC/module.modulemap -Xcc -fmodule-map-file=$(SRCROOT)/YogaKit.xcodeproj/GeneratedModuleMap/yoga/module.modulemap";
				PRODUCT_BUNDLE_IDENTIFIER = YogaKit;
				PRODUCT_MODULE_NAME = "$(TARGET_NAME:c99extidentifier)";
				PRODUCT_NAME = "$(TARGET_NAME:c99extidentifier)";
				SKIP_INSTALL = YES;
				SWIFT_ACTIVE_COMPILATION_CONDITIONS = "$(inherited)";
				SWIFT_VERSION = 5.0;
				TARGET_NAME = YogaKit;
				TVOS_DEPLOYMENT_TARGET = 9.0;
				WATCHOS_DEPLOYMENT_TARGET = 2.0;
			};
			name = Release;
		};
		OBJ_114 /* Debug */ = {
			isa = XCBuildConfiguration;
			buildSettings = {
				LD = /usr/bin/true;
				OTHER_SWIFT_FLAGS = "-swift-version 5 -I $(TOOLCHAIN_DIR)/usr/lib/swift/pm/4_2 -sdk /Applications/Xcode.app/Contents/Developer/Platforms/MacOSX.platform/Developer/SDKs/MacOSX11.1.sdk -package-description-version 5.1.0";
				SWIFT_VERSION = 5.0;
			};
			name = Debug;
		};
		OBJ_115 /* Release */ = {
			isa = XCBuildConfiguration;
			buildSettings = {
				LD = /usr/bin/true;
				OTHER_SWIFT_FLAGS = "-swift-version 5 -I $(TOOLCHAIN_DIR)/usr/lib/swift/pm/4_2 -sdk /Applications/Xcode.app/Contents/Developer/Platforms/MacOSX.platform/Developer/SDKs/MacOSX11.1.sdk -package-description-version 5.1.0";
				SWIFT_VERSION = 5.0;
			};
			name = Release;
		};
		OBJ_119 /* Debug */ = {
			isa = XCBuildConfiguration;
			baseConfigurationReference = OBJ_8 /* settings.xcconfig */;
			buildSettings = {
				CLANG_CXX_LANGUAGE_STANDARD = "c++14";
				DEFINES_MODULE = NO;
				ENABLE_TESTABILITY = YES;
				FRAMEWORK_SEARCH_PATHS = (
					"$(inherited)",
					"$(PLATFORM_DIR)/Developer/Library/Frameworks",
				);
				HEADER_SEARCH_PATHS = (
					"$(inherited)",
					"$(SRCROOT)/YogaKit/Source/include",
					"$(SRCROOT)/yoga/include",
					YogaKit/Source,
				);
				INFOPLIST_FILE = YogaKit.xcodeproj/YogaObjectiveC_Info.plist;
				IPHONEOS_DEPLOYMENT_TARGET = 10.0;
				LD_RUNPATH_SEARCH_PATHS = "$(inherited) $(TOOLCHAIN_DIR)/usr/lib/swift/macosx";
				MACOSX_DEPLOYMENT_TARGET = 10.10;
				OTHER_CFLAGS = "$(inherited)";
				OTHER_LDFLAGS = "$(inherited)";
				OTHER_SWIFT_FLAGS = "$(inherited)";
				PRODUCT_BUNDLE_IDENTIFIER = YogaObjectiveC;
				PRODUCT_MODULE_NAME = "$(TARGET_NAME:c99extidentifier)";
				PRODUCT_NAME = "$(TARGET_NAME:c99extidentifier)";
				SKIP_INSTALL = YES;
				SWIFT_ACTIVE_COMPILATION_CONDITIONS = "$(inherited)";
				TARGET_NAME = YogaObjectiveC;
				TVOS_DEPLOYMENT_TARGET = 9.0;
				WATCHOS_DEPLOYMENT_TARGET = 2.0;
			};
			name = Debug;
		};
		OBJ_120 /* Release */ = {
			isa = XCBuildConfiguration;
			baseConfigurationReference = OBJ_8 /* settings.xcconfig */;
			buildSettings = {
				CLANG_CXX_LANGUAGE_STANDARD = "c++14";
				DEFINES_MODULE = NO;
				ENABLE_TESTABILITY = YES;
				FRAMEWORK_SEARCH_PATHS = (
					"$(inherited)",
					"$(PLATFORM_DIR)/Developer/Library/Frameworks",
				);
				HEADER_SEARCH_PATHS = (
					"$(inherited)",
					"$(SRCROOT)/YogaKit/Source/include",
					"$(SRCROOT)/yoga/include",
					YogaKit/Source,
				);
				INFOPLIST_FILE = YogaKit.xcodeproj/YogaObjectiveC_Info.plist;
				IPHONEOS_DEPLOYMENT_TARGET = 10.0;
				LD_RUNPATH_SEARCH_PATHS = "$(inherited) $(TOOLCHAIN_DIR)/usr/lib/swift/macosx";
				MACOSX_DEPLOYMENT_TARGET = 10.10;
				OTHER_CFLAGS = "$(inherited)";
				OTHER_LDFLAGS = "$(inherited)";
				OTHER_SWIFT_FLAGS = "$(inherited)";
				PRODUCT_BUNDLE_IDENTIFIER = YogaObjectiveC;
				PRODUCT_MODULE_NAME = "$(TARGET_NAME:c99extidentifier)";
				PRODUCT_NAME = "$(TARGET_NAME:c99extidentifier)";
				SKIP_INSTALL = YES;
				SWIFT_ACTIVE_COMPILATION_CONDITIONS = "$(inherited)";
				TARGET_NAME = YogaObjectiveC;
				TVOS_DEPLOYMENT_TARGET = 9.0;
				WATCHOS_DEPLOYMENT_TARGET = 2.0;
			};
			name = Release;
		};
		OBJ_128 /* Debug */ = {
			isa = XCBuildConfiguration;
			baseConfigurationReference = OBJ_8 /* settings.xcconfig */;
			buildSettings = {
				CLANG_CXX_LANGUAGE_STANDARD = "c++14";
				DEFINES_MODULE = NO;
				ENABLE_TESTABILITY = YES;
				FRAMEWORK_SEARCH_PATHS = (
					"$(inherited)",
					"$(PLATFORM_DIR)/Developer/Library/Frameworks",
				);
				HEADER_SEARCH_PATHS = (
					"$(inherited)",
					"$(SRCROOT)/yoga/include",
					yoga,
				);
				INFOPLIST_FILE = YogaKit.xcodeproj/yoga_Info.plist;
				IPHONEOS_DEPLOYMENT_TARGET = 10.0;
				LD_RUNPATH_SEARCH_PATHS = "$(inherited) $(TOOLCHAIN_DIR)/usr/lib/swift/macosx";
				MACOSX_DEPLOYMENT_TARGET = 10.10;
				OTHER_CFLAGS = "$(inherited)";
				OTHER_LDFLAGS = "$(inherited)";
				OTHER_SWIFT_FLAGS = "$(inherited)";
				PRODUCT_BUNDLE_IDENTIFIER = yoga;
				PRODUCT_MODULE_NAME = "$(TARGET_NAME:c99extidentifier)";
				PRODUCT_NAME = "$(TARGET_NAME:c99extidentifier)";
				SKIP_INSTALL = YES;
				SWIFT_ACTIVE_COMPILATION_CONDITIONS = "$(inherited)";
				TARGET_NAME = yoga;
				TVOS_DEPLOYMENT_TARGET = 9.0;
				WATCHOS_DEPLOYMENT_TARGET = 2.0;
			};
			name = Debug;
		};
		OBJ_129 /* Release */ = {
			isa = XCBuildConfiguration;
			baseConfigurationReference = OBJ_8 /* settings.xcconfig */;
			buildSettings = {
				CLANG_CXX_LANGUAGE_STANDARD = "c++14";
				DEFINES_MODULE = NO;
				ENABLE_TESTABILITY = YES;
				FRAMEWORK_SEARCH_PATHS = (
					"$(inherited)",
					"$(PLATFORM_DIR)/Developer/Library/Frameworks",
				);
				HEADER_SEARCH_PATHS = (
					"$(inherited)",
					"$(SRCROOT)/yoga/include",
					yoga,
				);
				INFOPLIST_FILE = YogaKit.xcodeproj/yoga_Info.plist;
				IPHONEOS_DEPLOYMENT_TARGET = 10.0;
				LD_RUNPATH_SEARCH_PATHS = "$(inherited) $(TOOLCHAIN_DIR)/usr/lib/swift/macosx";
				MACOSX_DEPLOYMENT_TARGET = 10.10;
				OTHER_CFLAGS = "$(inherited)";
				OTHER_LDFLAGS = "$(inherited)";
				OTHER_SWIFT_FLAGS = "$(inherited)";
				PRODUCT_BUNDLE_IDENTIFIER = yoga;
				PRODUCT_MODULE_NAME = "$(TARGET_NAME:c99extidentifier)";
				PRODUCT_NAME = "$(TARGET_NAME:c99extidentifier)";
				SKIP_INSTALL = YES;
				SWIFT_ACTIVE_COMPILATION_CONDITIONS = "$(inherited)";
				TARGET_NAME = yoga;
				TVOS_DEPLOYMENT_TARGET = 9.0;
				WATCHOS_DEPLOYMENT_TARGET = 2.0;
			};
			name = Release;
		};
		OBJ_3 /* Debug */ = {
			isa = XCBuildConfiguration;
			buildSettings = {
				CLANG_ENABLE_OBJC_ARC = YES;
				COMBINE_HIDPI_IMAGES = YES;
				COPY_PHASE_STRIP = NO;
				DEBUG_INFORMATION_FORMAT = dwarf;
				DYLIB_INSTALL_NAME_BASE = "@rpath";
				ENABLE_NS_ASSERTIONS = YES;
				GCC_OPTIMIZATION_LEVEL = 0;
				GCC_PREPROCESSOR_DEFINITIONS = (
					"$(inherited)",
					"SWIFT_PACKAGE=1",
					"DEBUG=1",
				);
				MACOSX_DEPLOYMENT_TARGET = 10.10;
				ONLY_ACTIVE_ARCH = YES;
				OTHER_SWIFT_FLAGS = "$(inherited) -DXcode";
				PRODUCT_NAME = "$(TARGET_NAME)";
				SDKROOT = macosx;
				SUPPORTED_PLATFORMS = "macosx iphoneos iphonesimulator appletvos appletvsimulator watchos watchsimulator";
				SWIFT_ACTIVE_COMPILATION_CONDITIONS = "$(inherited) SWIFT_PACKAGE DEBUG";
				SWIFT_OPTIMIZATION_LEVEL = "-Onone";
				USE_HEADERMAP = NO;
			};
			name = Debug;
		};
		OBJ_4 /* Release */ = {
			isa = XCBuildConfiguration;
			buildSettings = {
				CLANG_ENABLE_OBJC_ARC = YES;
				COMBINE_HIDPI_IMAGES = YES;
				COPY_PHASE_STRIP = YES;
				DEBUG_INFORMATION_FORMAT = "dwarf-with-dsym";
				DYLIB_INSTALL_NAME_BASE = "@rpath";
				GCC_OPTIMIZATION_LEVEL = s;
				GCC_PREPROCESSOR_DEFINITIONS = (
					"$(inherited)",
					"SWIFT_PACKAGE=1",
				);
				MACOSX_DEPLOYMENT_TARGET = 10.10;
				OTHER_SWIFT_FLAGS = "$(inherited) -DXcode";
				PRODUCT_NAME = "$(TARGET_NAME)";
				SDKROOT = macosx;
				SUPPORTED_PLATFORMS = "macosx iphoneos iphonesimulator appletvos appletvsimulator watchos watchsimulator";
				SWIFT_ACTIVE_COMPILATION_CONDITIONS = "$(inherited) SWIFT_PACKAGE";
				SWIFT_OPTIMIZATION_LEVEL = "-Owholemodule";
				USE_HEADERMAP = NO;
			};
			name = Release;
		};
/* End XCBuildConfiguration section */

/* Begin XCConfigurationList section */
		OBJ_113 /* Build configuration list for PBXNativeTarget "YogaKitPackageDescription" */ = {
			isa = XCConfigurationList;
			buildConfigurations = (
				OBJ_114 /* Debug */,
				OBJ_115 /* Release */,
			);
			defaultConfigurationIsVisible = 0;
			defaultConfigurationName = Release;
		};
		OBJ_118 /* Build configuration list for PBXNativeTarget "YogaObjectiveC" */ = {
			isa = XCConfigurationList;
			buildConfigurations = (
				OBJ_119 /* Debug */,
				OBJ_120 /* Release */,
			);
			defaultConfigurationIsVisible = 0;
			defaultConfigurationName = Release;
		};
		OBJ_127 /* Build configuration list for PBXNativeTarget "yoga" */ = {
			isa = XCConfigurationList;
			buildConfigurations = (
				OBJ_128 /* Debug */,
				OBJ_129 /* Release */,
			);
			defaultConfigurationIsVisible = 0;
			defaultConfigurationName = Release;
		};
		OBJ_2 /* Build configuration list for PBXProject "YogaKit" */ = {
			isa = XCConfigurationList;
			buildConfigurations = (
				OBJ_3 /* Debug */,
				OBJ_4 /* Release */,
			);
			defaultConfigurationIsVisible = 0;
			defaultConfigurationName = Release;
		};
		OBJ_99 /* Build configuration list for PBXNativeTarget "YogaKit" */ = {
			isa = XCConfigurationList;
			buildConfigurations = (
				OBJ_100 /* Debug */,
				OBJ_101 /* Release */,
			);
			defaultConfigurationIsVisible = 0;
			defaultConfigurationName = Release;
		};
/* End XCConfigurationList section */
	};
	rootObject = OBJ_1 /* Project object */;
}
